
Microsoft Visual Studio Solution File, Format Version 12.00
Project("{FAE04EC0-301F-11D3-BF4B-00C04F79EFBC}") = "EnglishGrammarDayChecker", "EnglishGrammarDayChecker.csproj", "{ED5D7513-8D8E-4087-B532-DDDC1B8CCEF5}"
EndProject
Project("{FAE04EC0-301F-11D3-BF4B-00C04F79EFBC}") = "SqlLiteCreator", "SqlLiteCreator\SqlLiteCreator.csproj", "{2DC9A324-374A-40E3-ACCE-E86B62AE058A}"
EndProject
Global
	GlobalSection(SolutionConfigurationPlatforms) = preSolution
		Debug|Any CPU = Debug|Any CPU
		Release|Any CPU = Release|Any CPU
	EndGlobalSection
	GlobalSection(ProjectConfigurationPlatforms) = postSolution
		{ED5D7513-8D8E-4087-B532-DDDC1B8CCEF5}.Debug|Any CPU.ActiveCfg = Debug|Any CPU
		{ED5D7513-8D8E-4087-B532-DDDC1B8CCEF5}.Debug|Any CPU.Build.0 = Debug|Any CPU
		{ED5D7513-8D8E-4087-B532-DDDC1B8CCEF5}.Release|Any CPU.ActiveCfg = Release|Any CPU
		{ED5D7513-8D8E-4087-B532-DDDC1B8CCEF5}.Release|Any CPU.Build.0 = Release|Any CPU
		{2DC9A324-374A-40E3-ACCE-E86B62AE058A}.Debug|Any CPU.ActiveCfg = Debug|Any CPU
		{2DC9A324-374A-40E3-ACCE-E86B62AE058A}.Debug|Any CPU.Build.0 = Debug|Any CPU
		{2DC9A324-374A-40E3-ACCE-E86B62AE058A}.Release|Any CPU.ActiveCfg = Release|Any CPU
		{2DC9A324-374A-40E3-ACCE-E86B62AE058A}.Release|Any CPU.Build.0 = Release|Any CPU
	EndGlobalSection
EndGlobal
